// !$*UTF8*$!
{
	archiveVersion = 1;
	classes = {
	};
	objectVersion = 46;
	objects = {

/* Begin PBXBuildFile section */
		ED1E23441CB7967300138D2E /* main.m in Sources */ = {isa = PBXBuildFile; fileRef = ED1E23431CB7967300138D2E /* main.m */; };
		ED1E23471CB7967300138D2E /* AppDelegate.m in Sources */ = {isa = PBXBuildFile; fileRef = ED1E23461CB7967300138D2E /* AppDelegate.m */; };
		ED1E234A1CB7967300138D2E /* ViewController.m in Sources */ = {isa = PBXBuildFile; fileRef = ED1E23491CB7967300138D2E /* ViewController.m */; };
		ED1E234D1CB7967300138D2E /* Main.storyboard in Resources */ = {isa = PBXBuildFile; fileRef = ED1E234B1CB7967300138D2E /* Main.storyboard */; };
		ED1E234F1CB7967400138D2E /* Assets.xcassets in Resources */ = {isa = PBXBuildFile; fileRef = ED1E234E1CB7967400138D2E /* Assets.xcassets */; };
		ED1E23521CB7967400138D2E /* LaunchScreen.storyboard in Resources */ = {isa = PBXBuildFile; fileRef = ED1E23501CB7967400138D2E /* LaunchScreen.storyboard */; };
		ED1E235D1CB7967400138D2E /* _buy1_0Tests.m in Sources */ = {isa = PBXBuildFile; fileRef = ED1E235C1CB7967400138D2E /* _buy1_0Tests.m */; };
		ED1E23681CB7967400138D2E /* _buy1_0UITests.m in Sources */ = {isa = PBXBuildFile; fileRef = ED1E23671CB7967400138D2E /* _buy1_0UITests.m */; };
/* End PBXBuildFile section */

/* Begin PBXContainerItemProxy section */
		ED1E23591CB7967400138D2E /* PBXContainerItemProxy */ = {
			isa = PBXContainerItemProxy;
			containerPortal = ED1E23371CB7967300138D2E /* Project object */;
			proxyType = 1;
			remoteGlobalIDString = ED1E233E1CB7967300138D2E;
			remoteInfo = "-buy1.0";
		};
		ED1E23641CB7967400138D2E /* PBXContainerItemProxy */ = {
			isa = PBXContainerItemProxy;
			containerPortal = ED1E23371CB7967300138D2E /* Project object */;
			proxyType = 1;
			remoteGlobalIDString = ED1E233E1CB7967300138D2E;
			remoteInfo = "-buy1.0";
		};
/* End PBXContainerItemProxy section */

/* Begin PBXFileReference section */
		ED1E233F1CB7967300138D2E /* -buy1.0.app */ = {isa = PBXFileReference; explicitFileType = wrapper.application; includeInIndex = 0; path = "-buy1.0.app"; sourceTree = BUILT_PRODUCTS_DIR; };
		ED1E23431CB7967300138D2E /* main.m */ = {isa = PBXFileReference; lastKnownFileType = sourcecode.c.objc; path = main.m; sourceTree = "<group>"; };
		ED1E23451CB7967300138D2E /* AppDelegate.h */ = {isa = PBXFileReference; lastKnownFileType = sourcecode.c.h; path = AppDelegate.h; sourceTree = "<group>"; };
		ED1E23461CB7967300138D2E /* AppDelegate.m */ = {isa = PBXFileReference; lastKnownFileType = sourcecode.c.objc; path = AppDelegate.m; sourceTree = "<group>"; };
		ED1E23481CB7967300138D2E /* ViewController.h */ = {isa = PBXFileReference; lastKnownFileType = sourcecode.c.h; path = ViewController.h; sourceTree = "<group>"; };
		ED1E23491CB7967300138D2E /* ViewController.m */ = {isa = PBXFileReference; lastKnownFileType = sourcecode.c.objc; path = ViewController.m; sourceTree = "<group>"; };
		ED1E234C1CB7967300138D2E /* Base */ = {isa = PBXFileReference; lastKnownFileType = file.storyboard; name = Base; path = Base.lproj/Main.storyboard; sourceTree = "<group>"; };
		ED1E234E1CB7967400138D2E /* Assets.xcassets */ = {isa = PBXFileReference; lastKnownFileType = folder.assetcatalog; path = Assets.xcassets; sourceTree = "<group>"; };
		ED1E23511CB7967400138D2E /* Base */ = {isa = PBXFileReference; lastKnownFileType = file.storyboard; name = Base; path = Base.lproj/LaunchScreen.storyboard; sourceTree = "<group>"; };
		ED1E23531CB7967400138D2E /* Info.plist */ = {isa = PBXFileReference; lastKnownFileType = text.plist.xml; path = Info.plist; sourceTree = "<group>"; };
		ED1E23581CB7967400138D2E /* -buy1.0Tests.xctest */ = {isa = PBXFileReference; explicitFileType = wrapper.cfbundle; includeInIndex = 0; path = "-buy1.0Tests.xctest"; sourceTree = BUILT_PRODUCTS_DIR; };
		ED1E235C1CB7967400138D2E /* _buy1_0Tests.m */ = {isa = PBXFileReference; lastKnownFileType = sourcecode.c.objc; path = _buy1_0Tests.m; sourceTree = "<group>"; };
		ED1E235E1CB7967400138D2E /* Info.plist */ = {isa = PBXFileReference; lastKnownFileType = text.plist.xml; path = Info.plist; sourceTree = "<group>"; };
		ED1E23631CB7967400138D2E /* -buy1.0UITests.xctest */ = {isa = PBXFileReference; explicitFileType = wrapper.cfbundle; includeInIndex = 0; path = "-buy1.0UITests.xctest"; sourceTree = BUILT_PRODUCTS_DIR; };
		ED1E23671CB7967400138D2E /* _buy1_0UITests.m */ = {isa = PBXFileReference; lastKnownFileType = sourcecode.c.objc; path = _buy1_0UITests.m; sourceTree = "<group>"; };
		ED1E23691CB7967400138D2E /* Info.plist */ = {isa = PBXFileReference; lastKnownFileType = text.plist.xml; path = Info.plist; sourceTree = "<group>"; };
/* End PBXFileReference section */

/* Begin PBXFrameworksBuildPhase section */
		ED1E233C1CB7967300138D2E /* Frameworks */ = {
			isa = PBXFrameworksBuildPhase;
			buildActionMask = 2147483647;
			files = (
			);
			runOnlyForDeploymentPostprocessing = 0;
		};
		ED1E23551CB7967400138D2E /* Frameworks */ = {
			isa = PBXFrameworksBuildPhase;
			buildActionMask = 2147483647;
			files = (
			);
			runOnlyForDeploymentPostprocessing = 0;
		};
		ED1E23601CB7967400138D2E /* Frameworks */ = {
			isa = PBXFrameworksBuildPhase;
			buildActionMask = 2147483647;
			files = (
			);
			runOnlyForDeploymentPostprocessing = 0;
		};
/* End PBXFrameworksBuildPhase section */

/* Begin PBXGroup section */
		ED1E23361CB7967300138D2E = {
			isa = PBXGroup;
			children = (
				ED1E23411CB7967300138D2E /* -buy1.0 */,
				ED1E235B1CB7967400138D2E /* -buy1.0Tests */,
				ED1E23661CB7967400138D2E /* -buy1.0UITests */,
				ED1E23401CB7967300138D2E /* Products */,
			);
			sourceTree = "<group>";
		};
		ED1E23401CB7967300138D2E /* Products */ = {
			isa = PBXGroup;
			children = (
				ED1E233F1CB7967300138D2E /* -buy1.0.app */,
				ED1E23581CB7967400138D2E /* -buy1.0Tests.xctest */,
				ED1E23631CB7967400138D2E /* -buy1.0UITests.xctest */,
			);
			name = Products;
			sourceTree = "<group>";
		};
		ED1E23411CB7967300138D2E /* -buy1.0 */ = {
			isa = PBXGroup;
			children = (
				ED1E23451CB7967300138D2E /* AppDelegate.h */,
				ED1E23461CB7967300138D2E /* AppDelegate.m */,
				ED1E23481CB7967300138D2E /* ViewController.h */,
				ED1E23491CB7967300138D2E /* ViewController.m */,
				ED1E234B1CB7967300138D2E /* Main.storyboard */,
				ED1E234E1CB7967400138D2E /* Assets.xcassets */,
				ED1E23501CB7967400138D2E /* LaunchScreen.storyboard */,
				ED1E23531CB7967400138D2E /* Info.plist */,
				ED1E23421CB7967300138D2E /* Supporting Files */,
			);
			path = "-buy1.0";
			sourceTree = "<group>";
		};
		ED1E23421CB7967300138D2E /* Supporting Files */ = {
			isa = PBXGroup;
			children = (
				ED1E23431CB7967300138D2E /* main.m */,
			);
			name = "Supporting Files";
			sourceTree = "<group>";
		};
		ED1E235B1CB7967400138D2E /* -buy1.0Tests */ = {
			isa = PBXGroup;
			children = (
				ED1E235C1CB7967400138D2E /* _buy1_0Tests.m */,
				ED1E235E1CB7967400138D2E /* Info.plist */,
			);
			path = "-buy1.0Tests";
			sourceTree = "<group>";
		};
		ED1E23661CB7967400138D2E /* -buy1.0UITests */ = {
			isa = PBXGroup;
			children = (
				ED1E23671CB7967400138D2E /* _buy1_0UITests.m */,
				ED1E23691CB7967400138D2E /* Info.plist */,
			);
			path = "-buy1.0UITests";
			sourceTree = "<group>";
		};
/* End PBXGroup section */

/* Begin PBXNativeTarget section */
		ED1E233E1CB7967300138D2E /* -buy1.0 */ = {
			isa = PBXNativeTarget;
			buildConfigurationList = ED1E236C1CB7967400138D2E /* Build configuration list for PBXNativeTarget "-buy1.0" */;
			buildPhases = (
				ED1E233B1CB7967300138D2E /* Sources */,
				ED1E233C1CB7967300138D2E /* Frameworks */,
				ED1E233D1CB7967300138D2E /* Resources */,
			);
			buildRules = (
			);
			dependencies = (
			);
			name = "-buy1.0";
			productName = "-buy1.0";
			productReference = ED1E233F1CB7967300138D2E /* -buy1.0.app */;
			productType = "com.apple.product-type.application";
		};
		ED1E23571CB7967400138D2E /* -buy1.0Tests */ = {
			isa = PBXNativeTarget;
			buildConfigurationList = ED1E236F1CB7967400138D2E /* Build configuration list for PBXNativeTarget "-buy1.0Tests" */;
			buildPhases = (
				ED1E23541CB7967400138D2E /* Sources */,
				ED1E23551CB7967400138D2E /* Frameworks */,
				ED1E23561CB7967400138D2E /* Resources */,
			);
			buildRules = (
			);
			dependencies = (
				ED1E235A1CB7967400138D2E /* PBXTargetDependency */,
			);
			name = "-buy1.0Tests";
			productName = "-buy1.0Tests";
			productReference = ED1E23581CB7967400138D2E /* -buy1.0Tests.xctest */;
			productType = "com.apple.product-type.bundle.unit-test";
		};
		ED1E23621CB7967400138D2E /* -buy1.0UITests */ = {
			isa = PBXNativeTarget;
			buildConfigurationList = ED1E23721CB7967400138D2E /* Build configuration list for PBXNativeTarget "-buy1.0UITests" */;
			buildPhases = (
				ED1E235F1CB7967400138D2E /* Sources */,
				ED1E23601CB7967400138D2E /* Frameworks */,
				ED1E23611CB7967400138D2E /* Resources */,
			);
			buildRules = (
			);
			dependencies = (
				ED1E23651CB7967400138D2E /* PBXTargetDependency */,
			);
			name = "-buy1.0UITests";
			productName = "-buy1.0UITests";
			productReference = ED1E23631CB7967400138D2E /* -buy1.0UITests.xctest */;
			productType = "com.apple.product-type.bundle.ui-testing";
		};
/* End PBXNativeTarget section */

/* Begin PBXProject section */
		ED1E23371CB7967300138D2E /* Project object */ = {
			isa = PBXProject;
			attributes = {
				LastUpgradeCheck = 0710;
				ORGANIZATIONNAME = "洪曦尘";
				TargetAttributes = {
					ED1E233E1CB7967300138D2E = {
						CreatedOnToolsVersion = 7.1;
					};
					ED1E23571CB7967400138D2E = {
						CreatedOnToolsVersion = 7.1;
						TestTargetID = ED1E233E1CB7967300138D2E;
					};
					ED1E23621CB7967400138D2E = {
						CreatedOnToolsVersion = 7.1;
						TestTargetID = ED1E233E1CB7967300138D2E;
					};
				};
			};
			buildConfigurationList = ED1E233A1CB7967300138D2E /* Build configuration list for PBXProject "-buy1.0" */;
			compatibilityVersion = "Xcode 3.2";
			developmentRegion = English;
			hasScannedForEncodings = 0;
			knownRegions = (
				en,
				Base,
			);
			mainGroup = ED1E23361CB7967300138D2E;
			productRefGroup = ED1E23401CB7967300138D2E /* Products */;
			projectDirPath = "";
			projectRoot = "";
			targets = (
				ED1E233E1CB7967300138D2E /* -buy1.0 */,
				ED1E23571CB7967400138D2E /* -buy1.0Tests */,
				ED1E23621CB7967400138D2E /* -buy1.0UITests */,
			);
		};
/* End PBXProject section */

/* Begin PBXResourcesBuildPhase section */
		ED1E233D1CB7967300138D2E /* Resources */ = {
			isa = PBXResourcesBuildPhase;
			buildActionMask = 2147483647;
			files = (
				ED1E23521CB7967400138D2E /* LaunchScreen.storyboard in Resources */,
				ED1E234F1CB7967400138D2E /* Assets.xcassets in Resources */,
				ED1E234D1CB7967300138D2E /* Main.storyboard in Resources */,
			);
			runOnlyForDeploymentPostprocessing = 0;
		};
		ED1E23561CB7967400138D2E /* Resources */ = {
			isa = PBXResourcesBuildPhase;
			buildActionMask = 2147483647;
			files = (
			);
			runOnlyForDeploymentPostprocessing = 0;
		};
		ED1E23611CB7967400138D2E /* Resources */ = {
			isa = PBXResourcesBuildPhase;
			buildActionMask = 2147483647;
			files = (
			);
			runOnlyForDeploymentPostprocessing = 0;
		};
/* End PBXResourcesBuildPhase section */

/* Begin PBXSourcesBuildPhase section */
		ED1E233B1CB7967300138D2E /* Sources */ = {
			isa = PBXSourcesBuildPhase;
			buildActionMask = 2147483647;
			files = (
				ED1E234A1CB7967300138D2E /* ViewController.m in Sources */,
				ED1E23471CB7967300138D2E /* AppDelegate.m in Sources */,
				ED1E23441CB7967300138D2E /* main.m in Sources */,
			);
			runOnlyForDeploymentPostprocessing = 0;
		};
		ED1E23541CB7967400138D2E /* Sources */ = {
			isa = PBXSourcesBuildPhase;
			buildActionMask = 2147483647;
			files = (
				ED1E235D1CB7967400138D2E /* _buy1_0Tests.m in Sources */,
			);
			runOnlyForDeploymentPostprocessing = 0;
		};
		ED1E235F1CB7967400138D2E /* Sources */ = {
			isa = PBXSourcesBuildPhase;
			buildActionMask = 2147483647;
			files = (
				ED1E23681CB7967400138D2E /* _buy1_0UITests.m in Sources */,
			);
			runOnlyForDeploymentPostprocessing = 0;
		};
/* End PBXSourcesBuildPhase section */

/* Begin PBXTargetDependency section */
		ED1E235A1CB7967400138D2E /* PBXTargetDependency */ = {
			isa = PBXTargetDependency;
			target = ED1E233E1CB7967300138D2E /* -buy1.0 */;
			targetProxy = ED1E23591CB7967400138D2E /* PBXContainerItemProxy */;
		};
		ED1E23651CB7967400138D2E /* PBXTargetDependency */ = {
			isa = PBXTargetDependency;
			target = ED1E233E1CB7967300138D2E /* -buy1.0 */;
			targetProxy = ED1E23641CB7967400138D2E /* PBXContainerItemProxy */;
		};
/* End PBXTargetDependency section */

/* Begin PBXVariantGroup section */
		ED1E234B1CB7967300138D2E /* Main.storyboard */ = {
			isa = PBXVariantGroup;
			children = (
				ED1E234C1CB7967300138D2E /* Base */,
			);
			name = Main.storyboard;
			sourceTree = "<group>";
		};
		ED1E23501CB7967400138D2E /* LaunchScreen.storyboard */ = {
			isa = PBXVariantGroup;
			children = (
				ED1E23511CB7967400138D2E /* Base */,
			);
			name = LaunchScreen.storyboard;
			sourceTree = "<group>";
		};
/* End PBXVariantGroup section */

/* Begin XCBuildConfiguration section */
		ED1E236A1CB7967400138D2E /* Debug */ = {
			isa = XCBuildConfiguration;
			buildSettings = {
				ALWAYS_SEARCH_USER_PATHS = NO;
				CLANG_CXX_LANGUAGE_STANDARD = "gnu++0x";
				CLANG_CXX_LIBRARY = "libc++";
				CLANG_ENABLE_MODULES = YES;
				CLANG_ENABLE_OBJC_ARC = YES;
				CLANG_WARN_BOOL_CONVERSION = YES;
				CLANG_WARN_CONSTANT_CONVERSION = YES;
				CLANG_WARN_DIRECT_OBJC_ISA_USAGE = YES_ERROR;
				CLANG_WARN_EMPTY_BODY = YES;
				CLANG_WARN_ENUM_CONVERSION = YES;
				CLANG_WARN_INT_CONVERSION = YES;
				CLANG_WARN_OBJC_ROOT_CLASS = YES_ERROR;
				CLANG_WARN_UNREACHABLE_CODE = YES;
				CLANG_WARN__DUPLICATE_METHOD_MATCH = YES;
				"CODE_SIGN_IDENTITY[sdk=iphoneos*]" = "iPhone Developer";
				COPY_PHASE_STRIP = NO;
				DEBUG_INFORMATION_FORMAT = dwarf;
				ENABLE_STRICT_OBJC_MSGSEND = YES;
				ENABLE_TESTABILITY = YES;
				GCC_C_LANGUAGE_STANDARD = gnu99;
				GCC_DYNAMIC_NO_PIC = NO;
				GCC_NO_COMMON_BLOCKS = YES;
				GCC_OPTIMIZATION_LEVEL = 0;
				GCC_PREPROCESSOR_DEFINITIONS = (
					"DEBUG=1",
					"$(inherited)",
				);
				GCC_WARN_64_TO_32_BIT_CONVERSION = YES;
				GCC_WARN_ABOUT_RETURN_TYPE = YES_ERROR;
				GCC_WARN_UNDECLARED_SELECTOR = YES;
				GCC_WARN_UNINITIALIZED_AUTOS = YES_AGGRESSIVE;
				GCC_WARN_UNUSED_FUNCTION = YES;
				GCC_WARN_UNUSED_VARIABLE = YES;
				IPHONEOS_DEPLOYMENT_TARGET = 9.1;
				MTL_ENABLE_DEBUG_INFO = YES;
				ONLY_ACTIVE_ARCH = YES;
				SDKROOT = iphoneos;
				TARGETED_DEVICE_FAMILY = "1,2";
			};
			name = Debug;
		};
		ED1E236B1CB7967400138D2E /* Release */ = {
			isa = XCBuildConfiguration;
			buildSettings = {
				ALWAYS_SEARCH_USER_PATHS = NO;
				CLANG_CXX_LANGUAGE_STANDARD = "gnu++0x";
				CLANG_CXX_LIBRARY = "libc++";
				CLANG_ENABLE_MODULES = YES;
				CLANG_ENABLE_OBJC_ARC = YES;
				CLANG_WARN_BOOL_CONVERSION = YES;
				CLANG_WARN_CONSTANT_CONVERSION = YES;
				CLANG_WARN_DIRECT_OBJC_ISA_USAGE = YES_ERROR;
				CLANG_WARN_EMPTY_BODY = YES;
				CLANG_WARN_ENUM_CONVERSION = YES;
				CLANG_WARN_INT_CONVERSION = YES;
				CLANG_WARN_OBJC_ROOT_CLASS = YES_ERROR;
				CLANG_WARN_UNREACHABLE_CODE = YES;
				CLANG_WARN__DUPLICATE_METHOD_MATCH = YES;
				"CODE_SIGN_IDENTITY[sdk=iphoneos*]" = "iPhone Developer";
				COPY_PHASE_STRIP = NO;
				DEBUG_INFORMATION_FORMAT = "dwarf-with-dsym";
				ENABLE_NS_ASSERTIONS = NO;
				ENABLE_STRICT_OBJC_MSGSEND = YES;
				GCC_C_LANGUAGE_STANDARD = gnu99;
				GCC_NO_COMMON_BLOCKS = YES;
				GCC_WARN_64_TO_32_BIT_CONVERSION = YES;
				GCC_WARN_ABOUT_RETURN_TYPE = YES_ERROR;
				GCC_WARN_UNDECLARED_SELECTOR = YES;
				GCC_WARN_UNINITIALIZED_AUTOS = YES_AGGRESSIVE;
				GCC_WARN_UNUSED_FUNCTION = YES;
				GCC_WARN_UNUSED_VARIABLE = YES;
				IPHONEOS_DEPLOYMENT_TARGET = 9.1;
				MTL_ENABLE_DEBUG_INFO = NO;
				SDKROOT = iphoneos;
				TARGETED_DEVICE_FAMILY = "1,2";
				VALIDATE_PRODUCT = YES;
			};
			name = Release;
		};
		ED1E236D1CB7967400138D2E /* Debug */ = {
			isa = XCBuildConfiguration;
			buildSettings = {
				ASSETCATALOG_COMPILER_APPICON_NAME = AppIcon;
				INFOPLIST_FILE = "-buy1.0/Info.plist";
				LD_RUNPATH_SEARCH_PATHS = "$(inherited) @executable_path/Frameworks";
				PRODUCT_BUNDLE_IDENTIFIER = "hxc.-buy1-0";
				PRODUCT_NAME = "$(TARGET_NAME)";
			};
			name = Debug;
		};
		ED1E236E1CB7967400138D2E /* Release */ = {
			isa = XCBuildConfiguration;
			buildSettings = {
				ASSETCATALOG_COMPILER_APPICON_NAME = AppIcon;
				INFOPLIST_FILE = "-buy1.0/Info.plist";
				LD_RUNPATH_SEARCH_PATHS = "$(inherited) @executable_path/Frameworks";
				PRODUCT_BUNDLE_IDENTIFIER = "hxc.-buy1-0";
				PRODUCT_NAME = "$(TARGET_NAME)";
			};
			name = Release;
		};
		ED1E23701CB7967400138D2E /* Debug */ = {
			isa = XCBuildConfiguration;
			buildSettings = {
				BUNDLE_LOADER = "$(TEST_HOST)";
				INFOPLIST_FILE = "-buy1.0Tests/Info.plist";
				LD_RUNPATH_SEARCH_PATHS = "$(inherited) @executable_path/Frameworks @loader_path/Frameworks";
				PRODUCT_BUNDLE_IDENTIFIER = "hxc.-buy1-0Tests";
				PRODUCT_NAME = "$(TARGET_NAME)";
				TEST_HOST = "$(BUILT_PRODUCTS_DIR)/-buy1.0.app/-buy1.0";
			};
			name = Debug;
		};
		ED1E23711CB7967400138D2E /* Release */ = {
			isa = XCBuildConfiguration;
			buildSettings = {
				BUNDLE_LOADER = "$(TEST_HOST)";
				INFOPLIST_FILE = "-buy1.0Tests/Info.plist";
				LD_RUNPATH_SEARCH_PATHS = "$(inherited) @executable_path/Frameworks @loader_path/Frameworks";
				PRODUCT_BUNDLE_IDENTIFIER = "hxc.-buy1-0Tests";
				PRODUCT_NAME = "$(TARGET_NAME)";
				TEST_HOST = "$(BUILT_PRODUCTS_DIR)/-buy1.0.app/-buy1.0";
			};
			name = Release;
		};
		ED1E23731CB7967400138D2E /* Debug */ = {
			isa = XCBuildConfiguration;
			buildSettings = {
				INFOPLIST_FILE = "-buy1.0UITests/Info.plist";
				LD_RUNPATH_SEARCH_PATHS = "$(inherited) @executable_path/Frameworks @loader_path/Frameworks";
				PRODUCT_BUNDLE_IDENTIFIER = "hxc.-buy1-0UITests";
				PRODUCT_NAME = "$(TARGET_NAME)";
				TEST_TARGET_NAME = "-buy1.0";
				USES_XCTRUNNER = YES;
			};
			name = Debug;
		};
		ED1E23741CB7967400138D2E /* Release */ = {
			isa = XCBuildConfiguration;
			buildSettings = {
				INFOPLIST_FILE = "-buy1.0UITests/Info.plist";
				LD_RUNPATH_SEARCH_PATHS = "$(inherited) @executable_path/Frameworks @loader_path/Frameworks";
				PRODUCT_BUNDLE_IDENTIFIER = "hxc.-buy1-0UITests";
				PRODUCT_NAME = "$(TARGET_NAME)";
				TEST_TARGET_NAME = "-buy1.0";
				USES_XCTRUNNER = YES;
			};
			name = Release;
		};
/* End XCBuildConfiguration section */

/* Begin XCConfigurationList section */
		ED1E233A1CB7967300138D2E /* Build configuration list for PBXProject "-buy1.0" */ = {
			isa = XCConfigurationList;
			buildConfigurations = (
				ED1E236A1CB7967400138D2E /* Debug */,
				ED1E236B1CB7967400138D2E /* Release */,
			);
			defaultConfigurationIsVisible = 0;
			defaultConfigurationName = Release;
		};
		ED1E236C1CB7967400138D2E /* Build configuration list for PBXNativeTarget "-buy1.0" */ = {
			isa = XCConfigurationList;
			buildConfigurations = (
				ED1E236D1CB7967400138D2E /* Debug */,
				ED1E236E1CB7967400138D2E /* Release */,
			);
			defaultConfigurationIsVisible = 0;
		};
		ED1E236F1CB7967400138D2E /* Build configuration list for PBXNativeTarget "-buy1.0Tests" */ = {
			isa = XCConfigurationList;
			buildConfigurations = (
				ED1E23701CB7967400138D2E /* Debug */,
				ED1E23711CB7967400138D2E /* Release */,
			);
			defaultConfigurationIsVisible = 0;
		};
		ED1E23721CB7967400138D2E /* Build configuration list for PBXNativeTarget "-buy1.0UITests" */ = {
			isa = XCConfigurationList;
			buildConfigurations = (
				ED1E23731CB7967400138D2E /* Debug */,
				ED1E23741CB7967400138D2E /* Release */,
			);
			defaultConfigurationIsVisible = 0;
		};
/* End XCConfigurationList section */
	};
	rootObject = ED1E23371CB7967300138D2E /* Project object */;
}
